
Microsoft Visual Studio Solution File, Format Version 12.00
# Visual Studio Version 17
VisualStudioVersion = 17.11.35312.102
MinimumVisualStudioVersion = 10.0.40219.1
Project("{FAE04EC0-301F-11D3-BF4B-00C04F79EFBC}") = "Projeto_medicamentos", "Projeto_medicamentos\Projeto_medicamentos.csproj", "{D5035800-C9ED-429C-8768-9DD8C5DBDB63}"
EndProject
Global
	GlobalSection(SolutionConfigurationPlatforms) = preSolution
		Debug|Any CPU = Debug|Any CPU
		Release|Any CPU = Release|Any CPU
	EndGlobalSection
	GlobalSection(ProjectConfigurationPlatforms) = postSolution
		{D5035800-C9ED-429C-8768-9DD8C5DBDB63}.Debug|Any CPU.ActiveCfg = Debug|Any CPU
		{D5035800-C9ED-429C-8768-9DD8C5DBDB63}.Debug|Any CPU.Build.0 = Debug|Any CPU
		{D5035800-C9ED-429C-8768-9DD8C5DBDB63}.Release|Any CPU.ActiveCfg = Release|Any CPU
		{D5035800-C9ED-429C-8768-9DD8C5DBDB63}.Release|Any CPU.Build.0 = Release|Any CPU
	EndGlobalSection
	GlobalSection(SolutionProperties) = preSolution
		HideSolutionNode = FALSE
	EndGlobalSection
	GlobalSection(ExtensibilityGlobals) = postSolution
		SolutionGuid = {4907DC97-A271-4486-A154-6D9C53433D1D}
	EndGlobalSection
EndGlobal
